<Solution>
  <Folder Name="/src/">
    <Project Path="src/ApartmanYonetim.Application/ApartmanYonetim.Application.csproj" />
    <Project Path="src/ApartmanYonetim.Domain/ApartmanYonetim.Domain.csproj" />
    <Project Path="src/ApartmanYonetim.Infrastructure/ApartmanYonetim.Infrastructure.csproj" />
    <Project Path="src/ApartmanYonetim.Web/ApartmanYonetim.Web.csproj" />
  </Folder>
</Solution>
